{
  "name": "backend",
  "lockfileVersion": 3,
  "requires": true,
  "packages": {
    "": {
      "dependencies": {
        "@azure/msal-angular": "^4.0.4",
        "@azure/msal-browser": "^4.2.0",
        "jwt-decode": "^4.0.0"
      }
    },
    "node_modules/@azure/msal-angular": {
      "version": "4.0.4",
      "resolved": "https://registry.npmjs.org/@azure/msal-angular/-/msal-angular-4.0.4.tgz",
      "integrity": "sha512-l+1ujSH8AXUb72DjQ13mgFmp5F2A7M6beCxOUHqL+0YaIDiVkrcucyZ4jBvnMN+swMCQxpihjt+GMmaHqnv84w==",
      "license": "MIT",
      "dependencies": {
        "tslib": "^2.3.0"
      },
      "peerDependencies": {
        "@azure/msal-browser": "^4.2.0",
        "rxjs": "^7.0.0"
      }
    },
    "node_modules/@azure/msal-browser": {
      "version": "4.2.0",
      "resolved": "https://registry.npmjs.org/@azure/msal-browser/-/msal-browser-4.2.0.tgz",
      "integrity": "sha512-MXQjgAgjg/2VRKV+UPWHESoZPcue2ZvWKfpBLCyTUyixP+mhCl0q5D1+xDiwBGV3lru2poKZVZDQAOE40wKmWg==",
      "license": "MIT",
      "dependencies": {
        "@azure/msal-common": "15.1.1"
      },
      "engines": {
        "node": ">=0.8.0"
      }
    },
    "node_modules/@azure/msal-common": {
      "version": "15.1.1",
      "resolved": "https://registry.npmjs.org/@azure/msal-common/-/msal-common-15.1.1.tgz",
      "integrity": "sha512-bvLWYq9fleAcTJ6H+hfkG91On6vI/UhGyOB7Z6r0Bsa+KTL3zPtigmGCOJgdxrEklOYD88X9SehexLDH/5NRKQ==",
      "license": "MIT",
      "engines": {
        "node": ">=0.8.0"
      }
    },
    "node_modules/jwt-decode": {
      "version": "4.0.0",
      "resolved": "https://registry.npmjs.org/jwt-decode/-/jwt-decode-4.0.0.tgz",
      "integrity": "sha512-+KJGIyHgkGuIq3IEBNftfhW/LfWhXUIY6OmyVWjliu5KH1y0fw7VQ8YndE2O4qZdMSd9SqbnC8GOcZEy0Om7sA==",
      "license": "MIT",
      "engines": {
        "node": ">=18"
      }
    },
    "node_modules/rxjs": {
      "version": "7.8.1",
      "license": "Apache-2.0",
      "peer": true,
      "dependencies": {
        "tslib": "^2.1.0"
      }
    },
    "node_modules/tslib": {
      "version": "2.8.1",
      "license": "0BSD"
    }
  }
}
